{
  "name": "exp-conf-fuzzer",
  "version": "1.0.0",
  "lockfileVersion": 1,
  "requires": true,
  "dependencies": {
    "hasard": {
      "version": "1.6.1",
      "resolved": "https://registry.npmjs.org/hasard/-/hasard-1.6.1.tgz",
      "integrity": "sha512-JUdQeHgeVkJekNFpeKP7qoYt01qX3aS6pe21RO21oTJqjyDV0cji+YBb1N/rS9xlYPgavLGmRlCBaAEIZF3BAQ=="
    },
    "random-object-generator": {
      "version": "1.0.2",
      "resolved": "https://registry.npmjs.org/random-object-generator/-/random-object-generator-1.0.2.tgz",
      "integrity": "sha1-uyqnMGawTJi7A8By+JzvvnbmK20="
    }
  }
}
